
Microsoft Visual Studio Solution File, Format Version 12.00
# Visual Studio Version 17
VisualStudioVersion = 17.14.37614.0 d17.14
MinimumVisualStudioVersion = 10.0.40219.1
Project("{FAE04EC0-301F-11D3-BF4B-00C04F79EFBC}") = "B2B.Presentation", "B2B.Presentation.csproj", "{625AF6B7-8FC4-4711-8219-8AD9CAE6F9F8}"
EndProject
Project("{FAE04EC0-301F-11D3-BF4B-00C04F79EFBC}") = "B2B.Domain", "..\B2B.Domain\B2B.Domain.csproj", "{33410A70-3D2A-4576-82F5-6E122AF3F032}"
EndProject
Project("{FAE04EC0-301F-11D3-BF4B-00C04F79EFBC}") = "B2B.Application", "..\B2B.Application\B2B.Application.csproj", "{6BF26ADB-EBD2-4349-B03F-B499E4FB3237}"
EndProject
Project("{FAE04EC0-301F-11D3-BF4B-00C04F79EFBC}") = "B2B.Infrastructure", "..\B2B.Infrastructure\B2B.Infrastructure.csproj", "{EBB96A40-D723-495D-A1D0-75D913C5B93A}"
EndProject
Global
	GlobalSection(SolutionConfigurationPlatforms) = preSolution
		Debug|Any CPU = Debug|Any CPU
		Release|Any CPU = Release|Any CPU
	EndGlobalSection
	GlobalSection(ProjectConfigurationPlatforms) = postSolution
		{625AF6B7-8FC4-4711-8219-8AD9CAE6F9F8}.Debug|Any CPU.ActiveCfg = Debug|Any CPU
		{625AF6B7-8FC4-4711-8219-8AD9CAE6F9F8}.Debug|Any CPU.Build.0 = Debug|Any CPU
		{625AF6B7-8FC4-4711-8219-8AD9CAE6F9F8}.Release|Any CPU.ActiveCfg = Release|Any CPU
		{625AF6B7-8FC4-4711-8219-8AD9CAE6F9F8}.Release|Any CPU.Build.0 = Release|Any CPU
		{33410A70-3D2A-4576-82F5-6E122AF3F032}.Debug|Any CPU.ActiveCfg = Debug|Any CPU
		{33410A70-3D2A-4576-82F5-6E122AF3F032}.Debug|Any CPU.Build.0 = Debug|Any CPU
		{33410A70-3D2A-4576-82F5-6E122AF3F032}.Release|Any CPU.ActiveCfg = Release|Any CPU
		{33410A70-3D2A-4576-82F5-6E122AF3F032}.Release|Any CPU.Build.0 = Release|Any CPU
		{6BF26ADB-EBD2-4349-B03F-B499E4FB3237}.Debug|Any CPU.ActiveCfg = Debug|Any CPU
		{6BF26ADB-EBD2-4349-B03F-B499E4FB3237}.Debug|Any CPU.Build.0 = Debug|Any CPU
		{6BF26ADB-EBD2-4349-B03F-B499E4FB3237}.Release|Any CPU.ActiveCfg = Release|Any CPU
		{6BF26ADB-EBD2-4349-B03F-B499E4FB3237}.Release|Any CPU.Build.0 = Release|Any CPU
		{EBB96A40-D723-495D-A1D0-75D913C5B93A}.Debug|Any CPU.ActiveCfg = Debug|Any CPU
		{EBB96A40-D723-495D-A1D0-75D913C5B93A}.Debug|Any CPU.Build.0 = Debug|Any CPU
		{EBB96A40-D723-495D-A1D0-75D913C5B93A}.Release|Any CPU.ActiveCfg = Release|Any CPU
		{EBB96A40-D723-495D-A1D0-75D913C5B93A}.Release|Any CPU.Build.0 = Release|Any CPU
	EndGlobalSection
	GlobalSection(SolutionProperties) = preSolution
		HideSolutionNode = FALSE
	EndGlobalSection
	GlobalSection(ExtensibilityGlobals) = postSolution
		SolutionGuid = {6BD59834-81F3-4FE2-8112-DB4B4F8AAAD4}
	EndGlobalSection
EndGlobal
